
Microsoft Visual Studio Solution File, Format Version 12.00
# Visual Studio Version 16
VisualStudioVersion = 16.0.30011.22
MinimumVisualStudioVersion = 10.0.40219.1
Project("{FAE04EC0-301F-11D3-BF4B-00C04F79EFBC}") = "ConsoleApp15", "ConsoleApp15\ConsoleApp15.csproj", "{313698AF-EF1E-4541-9B18-EF70F91DD4F7}"
EndProject
Project("{FAE04EC0-301F-11D3-BF4B-00C04F79EFBC}") = "ConsoleApp15.tests", "ConsoleApp15.tests\ConsoleApp15.tests.csproj", "{90A4B840-50B0-4BBB-A4EE-19D70EA9FC7E}"
EndProject
Global
	GlobalSection(SolutionConfigurationPlatforms) = preSolution
		Debug|Any CPU = Debug|Any CPU
		Debug|x64 = Debug|x64
		Release|Any CPU = Release|Any CPU
		Release|x64 = Release|x64
	EndGlobalSection
	GlobalSection(ProjectConfigurationPlatforms) = postSolution
		{313698AF-EF1E-4541-9B18-EF70F91DD4F7}.Debug|Any CPU.ActiveCfg = Debug|Any CPU
		{313698AF-EF1E-4541-9B18-EF70F91DD4F7}.Debug|Any CPU.Build.0 = Debug|Any CPU
		{313698AF-EF1E-4541-9B18-EF70F91DD4F7}.Debug|x64.ActiveCfg = Debug|x64
		{313698AF-EF1E-4541-9B18-EF70F91DD4F7}.Debug|x64.Build.0 = Debug|x64
		{313698AF-EF1E-4541-9B18-EF70F91DD4F7}.Release|Any CPU.ActiveCfg = Release|Any CPU
		{313698AF-EF1E-4541-9B18-EF70F91DD4F7}.Release|Any CPU.Build.0 = Release|Any CPU
		{313698AF-EF1E-4541-9B18-EF70F91DD4F7}.Release|x64.ActiveCfg = Release|x64
		{313698AF-EF1E-4541-9B18-EF70F91DD4F7}.Release|x64.Build.0 = Release|x64
		{90A4B840-50B0-4BBB-A4EE-19D70EA9FC7E}.Debug|Any CPU.ActiveCfg = Debug|Any CPU
		{90A4B840-50B0-4BBB-A4EE-19D70EA9FC7E}.Debug|Any CPU.Build.0 = Debug|Any CPU
		{90A4B840-50B0-4BBB-A4EE-19D70EA9FC7E}.Debug|x64.ActiveCfg = Debug|Any CPU
		{90A4B840-50B0-4BBB-A4EE-19D70EA9FC7E}.Debug|x64.Build.0 = Debug|Any CPU
		{90A4B840-50B0-4BBB-A4EE-19D70EA9FC7E}.Release|Any CPU.ActiveCfg = Release|Any CPU
		{90A4B840-50B0-4BBB-A4EE-19D70EA9FC7E}.Release|Any CPU.Build.0 = Release|Any CPU
		{90A4B840-50B0-4BBB-A4EE-19D70EA9FC7E}.Release|x64.ActiveCfg = Release|Any CPU
		{90A4B840-50B0-4BBB-A4EE-19D70EA9FC7E}.Release|x64.Build.0 = Release|Any CPU
	EndGlobalSection
	GlobalSection(SolutionProperties) = preSolution
		HideSolutionNode = FALSE
	EndGlobalSection
	GlobalSection(ExtensibilityGlobals) = postSolution
		SolutionGuid = {E1AF3392-2B34-42BB-9579-84EB1437F9FF}
	EndGlobalSection
EndGlobal
